
Microsoft Visual Studio Solution File, Format Version 12.00
# Visual Studio Version 16
VisualStudioVersion = 16.0.30002.166
MinimumVisualStudioVersion = 10.0.40219.1
Project("{FAE04EC0-301F-11D3-BF4B-00C04F79EFBC}") = "CinephilesChoice", "CinephilesChoice\CinephilesChoice.csproj", "{25E6C1B9-9544-4E26-BF9D-C5610B3FA989}"
EndProject
Global
	GlobalSection(SolutionConfigurationPlatforms) = preSolution
		Debug|Any CPU = Debug|Any CPU
		Release|Any CPU = Release|Any CPU
	EndGlobalSection
	GlobalSection(ProjectConfigurationPlatforms) = postSolution
		{25E6C1B9-9544-4E26-BF9D-C5610B3FA989}.Debug|Any CPU.ActiveCfg = Debug|Any CPU
		{25E6C1B9-9544-4E26-BF9D-C5610B3FA989}.Debug|Any CPU.Build.0 = Debug|Any CPU
		{25E6C1B9-9544-4E26-BF9D-C5610B3FA989}.Release|Any CPU.ActiveCfg = Release|Any CPU
		{25E6C1B9-9544-4E26-BF9D-C5610B3FA989}.Release|Any CPU.Build.0 = Release|Any CPU
	EndGlobalSection
	GlobalSection(SolutionProperties) = preSolution
		HideSolutionNode = FALSE
	EndGlobalSection
	GlobalSection(ExtensibilityGlobals) = postSolution
		SolutionGuid = {83CCC85B-7195-405C-933C-A4990D26E621}
	EndGlobalSection
EndGlobal
